// !$*UTF8*$!
{
	archiveVersion = 1;
	classes = {
	};
	objectVersion = 50;
	objects = {

/* Begin PBXBuildFile section */
		1AE6ADA418D82200C8AD4A7A3604990B /* mainTests.swift in Sources */ = {isa = PBXBuildFile; fileRef = 211595AAF37BA21ED6F4E4DC0D707348 /* mainTests.swift */; };
		88C5A6583BD691F76993CF44F98E7F90 /* main.swift in Sources */ = {isa = PBXBuildFile; fileRef = A79FA0146DD258F72D200FA2BCC83CE0 /* main.swift */; };
/* End PBXBuildFile section */

/* Begin PBXCopyFilesBuildPhase section */
		7C6E8A365EAD2C21F1ACF80D11209C10 /* CopyFiles */ = {
			isa = PBXCopyFilesBuildPhase;
			buildActionMask = 2147483647;
			dstPath = /usr/share/man/man1/;
			dstSubfolderSpec = 0;
			files = (
			);
			runOnlyForDeploymentPostprocessing = 1;
		};
/* End PBXCopyFilesBuildPhase section */

/* Begin PBXFileReference section */
		211595AAF37BA21ED6F4E4DC0D707348 /* mainTests.swift */ = {isa = PBXFileReference; lastKnownFileType = sourcecode.swift; path = mainTests.swift; sourceTree = "<group>"; };
		43C361BFF7CD35282009C6A1655C1E81 /* PracticeRoomTests.xctest */ = {isa = PBXFileReference; explicitFileType = wrapper.cfbundle; includeInIndex = 0; path = PracticeRoomTests.xctest; sourceTree = BUILT_PRODUCTS_DIR; };
		A79FA0146DD258F72D200FA2BCC83CE0 /* main.swift */ = {isa = PBXFileReference; lastKnownFileType = sourcecode.swift; path = main.swift; sourceTree = "<group>"; };
		B6C1E2262C35638678FDCD2F41AF0BDB /* PracticeRoom */ = {isa = PBXFileReference; explicitFileType = "compiled.mach-o.executable"; includeInIndex = 0; path = PracticeRoom; sourceTree = BUILT_PRODUCTS_DIR; };
		D63BE08F29756F8D48A3EA48DBE1D865 /* Info.plist */ = {isa = PBXFileReference; lastKnownFileType = text.plist.xml; path = Info.plist; sourceTree = "<group>"; };
/* End PBXFileReference section */

/* Begin PBXFrameworksBuildPhase section */
		52718816AE78C95B45780BCBD79FDD09 /* Frameworks */ = {
			isa = PBXFrameworksBuildPhase;
			buildActionMask = 2147483647;
			files = (
			);
			runOnlyForDeploymentPostprocessing = 0;
		};
		607C5B2579569DC5974B6131B0A17715 /* Frameworks */ = {
			isa = PBXFrameworksBuildPhase;
			buildActionMask = 2147483647;
			files = (
			);
			runOnlyForDeploymentPostprocessing = 0;
		};
/* End PBXFrameworksBuildPhase section */

/* Begin PBXGroup section */
		113785AACA1C9656355CF1546202DA29 /* PracticeRoomTests */ = {
			isa = PBXGroup;
			children = (
				D63BE08F29756F8D48A3EA48DBE1D865 /* Info.plist */,
				211595AAF37BA21ED6F4E4DC0D707348 /* mainTests.swift */,
			);
			path = PracticeRoomTests;
			sourceTree = "<group>";
		};
		5715AD8DCEBDBF4AB8CB25EE73B497D1 /* PracticeRoom */ = {
			isa = PBXGroup;
			children = (
				A79FA0146DD258F72D200FA2BCC83CE0 /* main.swift */,
			);
			path = PracticeRoom;
			sourceTree = "<group>";
		};
		927C55AF5395ECF8078A9AD8F0A6ACE2 /* Products */ = {
			isa = PBXGroup;
			children = (
				B6C1E2262C35638678FDCD2F41AF0BDB /* PracticeRoom */,
				43C361BFF7CD35282009C6A1655C1E81 /* PracticeRoomTests.xctest */,
			);
			name = Products;
			sourceTree = "<group>";
		};
		D78852934D31AB3C64CA974646CBD758 = {
			isa = PBXGroup;
			children = (
				5715AD8DCEBDBF4AB8CB25EE73B497D1 /* PracticeRoom */,
				113785AACA1C9656355CF1546202DA29 /* PracticeRoomTests */,
				927C55AF5395ECF8078A9AD8F0A6ACE2 /* Products */,
			);
			sourceTree = "<group>";
		};
/* End PBXGroup section */

/* Begin PBXNativeTarget section */
		6201C3E421522220E1272A840141066E /* PracticeRoomTests */ = {
			isa = PBXNativeTarget;
			buildConfigurationList = 70150F29210BA780C6DE633B4EF92604 /* Build configuration list for PBXNativeTarget "PracticeRoomTests" */;
			buildPhases = (
				13AA41536AFD6BE7540EB8B220613DFB /* Sources */,
				607C5B2579569DC5974B6131B0A17715 /* Frameworks */,
				D5101223F748C96E5058ED6342A9753B /* Resources */,
			);
			buildRules = (
			);
			dependencies = (
			);
			name = PracticeRoomTests;
			productName = PracticeRoomTests;
			productReference = 43C361BFF7CD35282009C6A1655C1E81 /* PracticeRoomTests.xctest */;
			productType = "com.apple.product-type.bundle.unit-test";
		};
		F7581FA6528856928B94838FE6E42446 /* PracticeRoom */ = {
			isa = PBXNativeTarget;
			buildConfigurationList = F7D029235188A53F6516E39A1241D842 /* Build configuration list for PBXNativeTarget "PracticeRoom" */;
			buildPhases = (
				1E9AFDD8D5AACF325906C659DFFD7D2D /* Sources */,
				52718816AE78C95B45780BCBD79FDD09 /* Frameworks */,
				7C6E8A365EAD2C21F1ACF80D11209C10 /* CopyFiles */,
			);
			buildRules = (
			);
			dependencies = (
			);
			name = PracticeRoom;
			productName = PracticeRoom;
			productReference = B6C1E2262C35638678FDCD2F41AF0BDB /* PracticeRoom */;
			productType = "com.apple.product-type.tool";
		};
/* End PBXNativeTarget section */

/* Begin PBXProject section */
		70B96B40F6E2A6515BC885AD056668FF /* Project object */ = {
			isa = PBXProject;
			attributes = {
				LastSwiftUpdateCheck = 1010;
				LastUpgradeCheck = 1010;
				ORGANIZATIONNAME = "Jan Nash";
				TargetAttributes = {
					6201C3E421522220E1272A840141066E = {
						CreatedOnToolsVersion = 10.1;
						LastSwiftMigration = 1010;
					};
					F7581FA6528856928B94838FE6E42446 = {
						CreatedOnToolsVersion = 10.1;
					};
				};
			};
			buildConfigurationList = ECAE569D037E8FBAACC1EF2131B9D476 /* Build configuration list for PBXProject "PracticeRoom" */;
			compatibilityVersion = "Xcode 9.3";
			developmentRegion = en;
			hasScannedForEncodings = 0;
			knownRegions = (
				en,
			);
			mainGroup = D78852934D31AB3C64CA974646CBD758;
			productRefGroup = 927C55AF5395ECF8078A9AD8F0A6ACE2 /* Products */;
			projectDirPath = "";
			projectRoot = "";
			targets = (
				F7581FA6528856928B94838FE6E42446 /* PracticeRoom */,
				6201C3E421522220E1272A840141066E /* PracticeRoomTests */,
			);
		};
/* End PBXProject section */

/* Begin PBXResourcesBuildPhase section */
		D5101223F748C96E5058ED6342A9753B /* Resources */ = {
			isa = PBXResourcesBuildPhase;
			buildActionMask = 2147483647;
			files = (
			);
			runOnlyForDeploymentPostprocessing = 0;
		};
/* End PBXResourcesBuildPhase section */

/* Begin PBXSourcesBuildPhase section */
		13AA41536AFD6BE7540EB8B220613DFB /* Sources */ = {
			isa = PBXSourcesBuildPhase;
			buildActionMask = 2147483647;
			files = (
				1AE6ADA418D82200C8AD4A7A3604990B /* mainTests.swift in Sources */,
			);
			runOnlyForDeploymentPostprocessing = 0;
		};
		1E9AFDD8D5AACF325906C659DFFD7D2D /* Sources */ = {
			isa = PBXSourcesBuildPhase;
			buildActionMask = 2147483647;
			files = (
				88C5A6583BD691F76993CF44F98E7F90 /* main.swift in Sources */,
			);
			runOnlyForDeploymentPostprocessing = 0;
		};
/* End PBXSourcesBuildPhase section */

/* Begin XCBuildConfiguration section */
		363F1693B0BF08D04847794B13DEF7BB /* Debug */ = {
			isa = XCBuildConfiguration;
			buildSettings = {
				CLANG_ENABLE_MODULES = YES;
				CODE_SIGN_STYLE = Automatic;
				COMBINE_HIDPI_IMAGES = YES;
				DEVELOPMENT_TEAM = AK5BMJ7QR5;
				INFOPLIST_FILE = PracticeRoomTests/Info.plist;
				LD_RUNPATH_SEARCH_PATHS = (
					"$(inherited)",
					"@executable_path/../Frameworks",
					"@loader_path/../Frameworks",
				);
				PRODUCT_BUNDLE_IDENTIFIER = jannash.PracticeRoomTests;
				PRODUCT_NAME = "$(TARGET_NAME)";
				SWIFT_OPTIMIZATION_LEVEL = "-Onone";
				SWIFT_VERSION = 4.2;
			};
			name = Debug;
		};
		3937FC27EDEDB8CC97607E32C6525B60 /* Release */ = {
			isa = XCBuildConfiguration;
			buildSettings = {
				CLANG_ENABLE_MODULES = YES;
				CODE_SIGN_STYLE = Automatic;
				COMBINE_HIDPI_IMAGES = YES;
				DEVELOPMENT_TEAM = AK5BMJ7QR5;
				INFOPLIST_FILE = PracticeRoomTests/Info.plist;
				LD_RUNPATH_SEARCH_PATHS = (
					"$(inherited)",
					"@executable_path/../Frameworks",
					"@loader_path/../Frameworks",
				);
				PRODUCT_BUNDLE_IDENTIFIER = jannash.PracticeRoomTests;
				PRODUCT_NAME = "$(TARGET_NAME)";
				SWIFT_VERSION = 4.2;
			};
			name = Release;
		};
		5F943A586586FAFA6A0BBBBAD405A3D7 /* Release */ = {
			isa = XCBuildConfiguration;
			buildSettings = {
				CODE_SIGN_STYLE = Automatic;
				DEVELOPMENT_TEAM = AK5BMJ7QR5;
				PRODUCT_NAME = "$(TARGET_NAME)";
				SWIFT_VERSION = 4.2;
			};
			name = Release;
		};
		C34CEE7D81630A7334A33D9E0BA42CD0 /* Release */ = {
			isa = XCBuildConfiguration;
			buildSettings = {
				ALWAYS_SEARCH_USER_PATHS = NO;
				CLANG_ANALYZER_NONNULL = YES;
				CLANG_ANALYZER_NUMBER_OBJECT_CONVERSION = YES_AGGRESSIVE;
				CLANG_CXX_LANGUAGE_STANDARD = "gnu++14";
				CLANG_CXX_LIBRARY = "libc++";
				CLANG_ENABLE_MODULES = YES;
				CLANG_ENABLE_OBJC_ARC = YES;
				CLANG_ENABLE_OBJC_WEAK = YES;
				CLANG_WARN_BLOCK_CAPTURE_AUTORELEASING = YES;
				CLANG_WARN_BOOL_CONVERSION = YES;
				CLANG_WARN_COMMA = YES;
				CLANG_WARN_CONSTANT_CONVERSION = YES;
				CLANG_WARN_DEPRECATED_OBJC_IMPLEMENTATIONS = YES;
				CLANG_WARN_DIRECT_OBJC_ISA_USAGE = YES_ERROR;
				CLANG_WARN_DOCUMENTATION_COMMENTS = YES;
				CLANG_WARN_EMPTY_BODY = YES;
				CLANG_WARN_ENUM_CONVERSION = YES;
				CLANG_WARN_INFINITE_RECURSION = YES;
				CLANG_WARN_INT_CONVERSION = YES;
				CLANG_WARN_NON_LITERAL_NULL_CONVERSION = YES;
				CLANG_WARN_OBJC_IMPLICIT_RETAIN_SELF = YES;
				CLANG_WARN_OBJC_LITERAL_CONVERSION = YES;
				CLANG_WARN_OBJC_ROOT_CLASS = YES_ERROR;
				CLANG_WARN_RANGE_LOOP_ANALYSIS = YES;
				CLANG_WARN_STRICT_PROTOTYPES = YES;
				CLANG_WARN_SUSPICIOUS_MOVE = YES;
				CLANG_WARN_UNGUARDED_AVAILABILITY = YES_AGGRESSIVE;
				CLANG_WARN_UNREACHABLE_CODE = YES;
				CLANG_WARN__DUPLICATE_METHOD_MATCH = YES;
				CODE_SIGN_IDENTITY = "Mac Developer";
				COPY_PHASE_STRIP = NO;
				DEBUG_INFORMATION_FORMAT = "dwarf-with-dsym";
				ENABLE_NS_ASSERTIONS = NO;
				ENABLE_STRICT_OBJC_MSGSEND = YES;
				GCC_C_LANGUAGE_STANDARD = gnu11;
				GCC_NO_COMMON_BLOCKS = YES;
				GCC_WARN_64_TO_32_BIT_CONVERSION = YES;
				GCC_WARN_ABOUT_RETURN_TYPE = YES_ERROR;
				GCC_WARN_UNDECLARED_SELECTOR = YES;
				GCC_WARN_UNINITIALIZED_AUTOS = YES_AGGRESSIVE;
				GCC_WARN_UNUSED_FUNCTION = YES;
				GCC_WARN_UNUSED_VARIABLE = YES;
				MACOSX_DEPLOYMENT_TARGET = 10.14;
				MTL_ENABLE_DEBUG_INFO = NO;
				MTL_FAST_MATH = YES;
				SDKROOT = macosx;
				SWIFT_COMPILATION_MODE = wholemodule;
				SWIFT_OPTIMIZATION_LEVEL = "-O";
			};
			name = Release;
		};
		E7D9658E644D75752E023DA6D28D946B /* Debug */ = {
			isa = XCBuildConfiguration;
			buildSettings = {
				ALWAYS_SEARCH_USER_PATHS = NO;
				CLANG_ANALYZER_NONNULL = YES;
				CLANG_ANALYZER_NUMBER_OBJECT_CONVERSION = YES_AGGRESSIVE;
				CLANG_CXX_LANGUAGE_STANDARD = "gnu++14";
				CLANG_CXX_LIBRARY = "libc++";
				CLANG_ENABLE_MODULES = YES;
				CLANG_ENABLE_OBJC_ARC = YES;
				CLANG_ENABLE_OBJC_WEAK = YES;
				CLANG_WARN_BLOCK_CAPTURE_AUTORELEASING = YES;
				CLANG_WARN_BOOL_CONVERSION = YES;
				CLANG_WARN_COMMA = YES;
				CLANG_WARN_CONSTANT_CONVERSION = YES;
				CLANG_WARN_DEPRECATED_OBJC_IMPLEMENTATIONS = YES;
				CLANG_WARN_DIRECT_OBJC_ISA_USAGE = YES_ERROR;
				CLANG_WARN_DOCUMENTATION_COMMENTS = YES;
				CLANG_WARN_EMPTY_BODY = YES;
				CLANG_WARN_ENUM_CONVERSION = YES;
				CLANG_WARN_INFINITE_RECURSION = YES;
				CLANG_WARN_INT_CONVERSION = YES;
				CLANG_WARN_NON_LITERAL_NULL_CONVERSION = YES;
				CLANG_WARN_OBJC_IMPLICIT_RETAIN_SELF = YES;
				CLANG_WARN_OBJC_LITERAL_CONVERSION = YES;
				CLANG_WARN_OBJC_ROOT_CLASS = YES_ERROR;
				CLANG_WARN_RANGE_LOOP_ANALYSIS = YES;
				CLANG_WARN_STRICT_PROTOTYPES = YES;
				CLANG_WARN_SUSPICIOUS_MOVE = YES;
				CLANG_WARN_UNGUARDED_AVAILABILITY = YES_AGGRESSIVE;
				CLANG_WARN_UNREACHABLE_CODE = YES;
				CLANG_WARN__DUPLICATE_METHOD_MATCH = YES;
				CODE_SIGN_IDENTITY = "Mac Developer";
				COPY_PHASE_STRIP = NO;
				DEBUG_INFORMATION_FORMAT = dwarf;
				ENABLE_STRICT_OBJC_MSGSEND = YES;
				ENABLE_TESTABILITY = YES;
				GCC_C_LANGUAGE_STANDARD = gnu11;
				GCC_DYNAMIC_NO_PIC = NO;
				GCC_NO_COMMON_BLOCKS = YES;
				GCC_OPTIMIZATION_LEVEL = 0;
				GCC_PREPROCESSOR_DEFINITIONS = (
					"DEBUG=1",
					"$(inherited)",
				);
				GCC_WARN_64_TO_32_BIT_CONVERSION = YES;
				GCC_WARN_ABOUT_RETURN_TYPE = YES_ERROR;
				GCC_WARN_UNDECLARED_SELECTOR = YES;
				GCC_WARN_UNINITIALIZED_AUTOS = YES_AGGRESSIVE;
				GCC_WARN_UNUSED_FUNCTION = YES;
				GCC_WARN_UNUSED_VARIABLE = YES;
				MACOSX_DEPLOYMENT_TARGET = 10.14;
				MTL_ENABLE_DEBUG_INFO = INCLUDE_SOURCE;
				MTL_FAST_MATH = YES;
				ONLY_ACTIVE_ARCH = YES;
				SDKROOT = macosx;
				SWIFT_ACTIVE_COMPILATION_CONDITIONS = DEBUG;
				SWIFT_OPTIMIZATION_LEVEL = "-Onone";
			};
			name = Debug;
		};
		FE3CD4BE0594FF27380CE1E094A3446C /* Debug */ = {
			isa = XCBuildConfiguration;
			buildSettings = {
				CODE_SIGN_STYLE = Automatic;
				DEVELOPMENT_TEAM = AK5BMJ7QR5;
				PRODUCT_NAME = "$(TARGET_NAME)";
				SWIFT_VERSION = 4.2;
			};
			name = Debug;
		};
/* End XCBuildConfiguration section */

/* Begin XCConfigurationList section */
		70150F29210BA780C6DE633B4EF92604 /* Build configuration list for PBXNativeTarget "PracticeRoomTests" */ = {
			isa = XCConfigurationList;
			buildConfigurations = (
				363F1693B0BF08D04847794B13DEF7BB /* Debug */,
				3937FC27EDEDB8CC97607E32C6525B60 /* Release */,
			);
			defaultConfigurationIsVisible = 0;
			defaultConfigurationName = Release;
		};
		ECAE569D037E8FBAACC1EF2131B9D476 /* Build configuration list for PBXProject "PracticeRoom" */ = {
			isa = XCConfigurationList;
			buildConfigurations = (
				E7D9658E644D75752E023DA6D28D946B /* Debug */,
				C34CEE7D81630A7334A33D9E0BA42CD0 /* Release */,
			);
			defaultConfigurationIsVisible = 0;
			defaultConfigurationName = Release;
		};
		F7D029235188A53F6516E39A1241D842 /* Build configuration list for PBXNativeTarget "PracticeRoom" */ = {
			isa = XCConfigurationList;
			buildConfigurations = (
				FE3CD4BE0594FF27380CE1E094A3446C /* Debug */,
				5F943A586586FAFA6A0BBBBAD405A3D7 /* Release */,
			);
			defaultConfigurationIsVisible = 0;
			defaultConfigurationName = Release;
		};
/* End XCConfigurationList section */
	};
	rootObject = 70B96B40F6E2A6515BC885AD056668FF /* Project object */;
}
